PODS:
  - AFNetworking (2.5.1):
    - AFNetworking/NSURLConnection (= 2.5.1)
    - AFNetworking/NSURLSession (= 2.5.1)
    - AFNetworking/Reachability (= 2.5.1)
    - AFNetworking/Security (= 2.5.1)
    - AFNetworking/Serialization (= 2.5.1)
    - AFNetworking/UIKit (= 2.5.1)
  - AFNetworking/NSURLConnection (2.5.1):
    - AFNetworking/Reachability
    - AFNetworking/Security
    - AFNetworking/Serialization
  - AFNetworking/NSURLSession (2.5.1):
    - AFNetworking/Reachability
    - AFNetworking/Security
    - AFNetworking/Serialization
  - AFNetworking/Reachability (2.5.1)
  - AFNetworking/Security (2.5.1)
  - AFNetworking/Serialization (2.5.1)
  - AFNetworking/UIKit (2.5.1):
    - AFNetworking/NSURLConnection
    - AFNetworking/NSURLSession
  - BlocksKit (2.2.5):
    - BlocksKit/All (= 2.2.5)
  - BlocksKit/All (2.2.5):
    - BlocksKit/Core
    - BlocksKit/DynamicDelegate
    - BlocksKit/MessageUI
    - BlocksKit/UIKit
  - BlocksKit/Core (2.2.5)
  - BlocksKit/DynamicDelegate (2.2.5)
  - BlocksKit/MessageUI (2.2.5):
    - BlocksKit/Core
    - BlocksKit/DynamicDelegate
  - BlocksKit/UIKit (2.2.5):
    - BlocksKit/Core
    - BlocksKit/DynamicDelegate
  - libextobjc (0.4.1):
    - libextobjc/EXTADT (= 0.4.1)
    - libextobjc/EXTConcreteProtocol (= 0.4.1)
    - libextobjc/EXTKeyPathCoding (= 0.4.1)
    - libextobjc/EXTNil (= 0.4.1)
    - libextobjc/EXTSafeCategory (= 0.4.1)
    - libextobjc/EXTScope (= 0.4.1)
    - libextobjc/EXTSelectorChecking (= 0.4.1)
    - libextobjc/EXTSynthesize (= 0.4.1)
    - libextobjc/NSInvocation+EXT (= 0.4.1)
    - libextobjc/NSMethodSignature+EXT (= 0.4.1)
    - libextobjc/RuntimeExtensions (= 0.4.1)
    - libextobjc/UmbrellaHeader (= 0.4.1)
  - libextobjc/EXTADT (0.4.1):
    - libextobjc/RuntimeExtensions
  - libextobjc/EXTConcreteProtocol (0.4.1):
    - libextobjc/RuntimeExtensions
  - libextobjc/EXTKeyPathCoding (0.4.1):
    - libextobjc/RuntimeExtensions
  - libextobjc/EXTNil (0.4.1):
    - libextobjc/RuntimeExtensions
  - libextobjc/EXTSafeCategory (0.4.1):
    - libextobjc/RuntimeExtensions
  - libextobjc/EXTScope (0.4.1):
    - libextobjc/RuntimeExtensions
  - libextobjc/EXTSelectorChecking (0.4.1):
    - libextobjc/RuntimeExtensions
  - libextobjc/EXTSynthesize (0.4.1):
    - libextobjc/RuntimeExtensions
  - libextobjc/NSInvocation+EXT (0.4.1):
    - libextobjc/RuntimeExtensions
  - libextobjc/NSMethodSignature+EXT (0.4.1):
    - libextobjc/RuntimeExtensions
  - libextobjc/RuntimeExtensions (0.4.1)
  - libextobjc/UmbrellaHeader (0.4.1)
  - Mantle (1.5.4):
    - Mantle/extobjc (= 1.5.4)
  - Mantle/extobjc (1.5.4)
  - Masonry (0.5.3)
  - MBProgressHUD (0.9)
  - MJRefresh (1.4.7)
  - SDWebImage (3.7.1):
    - SDWebImage/Core (= 3.7.1)
  - SDWebImage/Core (3.7.1)
  - SSKeychain (1.2.2)
  - STCollapseTableView (0.1.1)
  - SVProgressHUD (1.1.2)
  - TMCache (1.2.3)
  - TPKeyboardAvoiding (1.2.6)
  - UIActivityIndicator-for-SDWebImage (1.2):
    - SDWebImage (~> 3.7)
  - UMengSocial (4.2.1)
  - WebViewJavascriptBridge (4.1.4)

DEPENDENCIES:
  - AFNetworking
  - BlocksKit (~> 2.2.0)
  - libextobjc
  - Mantle (~> 1.5.1)
  - Masonry (~> 0.5.3)
  - MBProgressHUD (~> 0.8)
  - MJRefresh (~> 1.4.6)
  - SDWebImage (~> 3.7.1)
  - SSKeychain
  - STCollapseTableView
  - SVProgressHUD (~> 1.0)
  - TMCache (~> 1.2.2)
  - TPKeyboardAvoiding
  - UIActivityIndicator-for-SDWebImage
  - UMengSocial (~> 4.2.1)
  - WebViewJavascriptBridge (~> 4.1.4)

SPEC CHECKSUMS:
  AFNetworking: 10e85a00bb0f475124e4ff2677bf15693b2c1523
  BlocksKit: 7f422b971407001178d181a43b99014ea2591fe6
  libextobjc: a650fc1bf489a3d3a9bc2e621efa3e1006fc5471
  Mantle: 60acd0cd363e27d945bda0a6b8e90577112d28f3
  Masonry: 9f515466afe48632562342a40a1c224071a1a022
  MBProgressHUD: d8e7ea388dc1549a42e0d219067cf5f2c898fb66
  MJRefresh: 6b140993028fa30f1fcb88e82925a7c7911415cf
  SDWebImage: ed3095af2ff88b436426037444979b917f6c5575
  SSKeychain: 88767e903ee8d274ed380e364d96b7a101235286
  STCollapseTableView: edd40eacf9411ce862da921f83e0b7b1680fac4d
  SVProgressHUD: 3afb875b9eb23acd1bed9b82495695c68621a8b2
  TMCache: 5f68bc38d741aa8df4c63131b847522783665d81
  TPKeyboardAvoiding: ee4dd35e3bb7bb64bfbda47e7cc9ba872ff10f77
  UIActivityIndicator-for-SDWebImage: 7bf7ebbf0ed1747dedc0d6e949c4603a6d0f9e0c
  UMengSocial: aedae57452047daa708306f23ff21883a07cd779
  WebViewJavascriptBridge: f10ac16f2cd3adf2b941bd79477c55a8f6e01044

COCOAPODS: 0.37.2
